
Microsoft Visual Studio Solution File, Format Version 12.00
# Visual Studio 2012
Project("{F184B08F-C81C-45F6-A57F-5ABD9991F28F}") = "Video Bonanza 6", "Video Bonanza 6\Video Bonanza 6.vbproj", "{536E96CC-3C62-42A7-9A1B-8D12EDF7BF91}"
EndProject
Global
	GlobalSection(SolutionConfigurationPlatforms) = preSolution
		Debug|Any CPU = Debug|Any CPU
		Release|Any CPU = Release|Any CPU
	EndGlobalSection
	GlobalSection(ProjectConfigurationPlatforms) = postSolution
		{536E96CC-3C62-42A7-9A1B-8D12EDF7BF91}.Debug|Any CPU.ActiveCfg = Debug|Any CPU
		{536E96CC-3C62-42A7-9A1B-8D12EDF7BF91}.Debug|Any CPU.Build.0 = Debug|Any CPU
		{536E96CC-3C62-42A7-9A1B-8D12EDF7BF91}.Release|Any CPU.ActiveCfg = Release|Any CPU
		{536E96CC-3C62-42A7-9A1B-8D12EDF7BF91}.Release|Any CPU.Build.0 = Release|Any CPU
	EndGlobalSection
	GlobalSection(SolutionProperties) = preSolution
		HideSolutionNode = FALSE
	EndGlobalSection
EndGlobal
