
Microsoft Visual Studio Solution File, Format Version 12.00
# Visual Studio 2012
Project("{F184B08F-C81C-45F6-A57F-5ABD9991F28F}") = "Homework 8.3", "Homework 8.3\Homework 8.3.vbproj", "{DA8406CD-5DD8-402C-BEFA-41DFD396D74E}"
EndProject
Global
	GlobalSection(SolutionConfigurationPlatforms) = preSolution
		Debug|Any CPU = Debug|Any CPU
		Release|Any CPU = Release|Any CPU
	EndGlobalSection
	GlobalSection(ProjectConfigurationPlatforms) = postSolution
		{DA8406CD-5DD8-402C-BEFA-41DFD396D74E}.Debug|Any CPU.ActiveCfg = Debug|Any CPU
		{DA8406CD-5DD8-402C-BEFA-41DFD396D74E}.Debug|Any CPU.Build.0 = Debug|Any CPU
		{DA8406CD-5DD8-402C-BEFA-41DFD396D74E}.Release|Any CPU.ActiveCfg = Release|Any CPU
		{DA8406CD-5DD8-402C-BEFA-41DFD396D74E}.Release|Any CPU.Build.0 = Release|Any CPU
	EndGlobalSection
	GlobalSection(SolutionProperties) = preSolution
		HideSolutionNode = FALSE
	EndGlobalSection
EndGlobal
