
Microsoft Visual Studio Solution File, Format Version 12.00
# Visual Studio 2012
Project("{F184B08F-C81C-45F6-A57F-5ABD9991F28F}") = "In Class Project 3", "In Class Project 3\In Class Project 3.vbproj", "{BC228B77-7829-481D-BE5A-E5866D7DB7CD}"
EndProject
Global
	GlobalSection(SolutionConfigurationPlatforms) = preSolution
		Debug|Any CPU = Debug|Any CPU
		Release|Any CPU = Release|Any CPU
	EndGlobalSection
	GlobalSection(ProjectConfigurationPlatforms) = postSolution
		{BC228B77-7829-481D-BE5A-E5866D7DB7CD}.Debug|Any CPU.ActiveCfg = Debug|Any CPU
		{BC228B77-7829-481D-BE5A-E5866D7DB7CD}.Debug|Any CPU.Build.0 = Debug|Any CPU
		{BC228B77-7829-481D-BE5A-E5866D7DB7CD}.Release|Any CPU.ActiveCfg = Release|Any CPU
		{BC228B77-7829-481D-BE5A-E5866D7DB7CD}.Release|Any CPU.Build.0 = Release|Any CPU
	EndGlobalSection
	GlobalSection(SolutionProperties) = preSolution
		HideSolutionNode = FALSE
	EndGlobalSection
EndGlobal
